
Microsoft Visual Studio Solution File, Format Version 12.00
# Visual Studio Version 16
VisualStudioVersion = 16.0.30523.141
MinimumVisualStudioVersion = 10.0.40219.1
Project("{FAE04EC0-301F-11D3-BF4B-00C04F79EFBC}") = "FileMemory", "FileMemory\FileMemory.csproj", "{55B798AD-7350-455D-922A-DDB63511911A}"
EndProject
Global
	GlobalSection(SolutionConfigurationPlatforms) = preSolution
		Debug|Any CPU = Debug|Any CPU
		Release|Any CPU = Release|Any CPU
	EndGlobalSection
	GlobalSection(ProjectConfigurationPlatforms) = postSolution
		{55B798AD-7350-455D-922A-DDB63511911A}.Debug|Any CPU.ActiveCfg = Debug|Any CPU
		{55B798AD-7350-455D-922A-DDB63511911A}.Debug|Any CPU.Build.0 = Debug|Any CPU
		{55B798AD-7350-455D-922A-DDB63511911A}.Release|Any CPU.ActiveCfg = Release|Any CPU
		{55B798AD-7350-455D-922A-DDB63511911A}.Release|Any CPU.Build.0 = Release|Any CPU
	EndGlobalSection
	GlobalSection(SolutionProperties) = preSolution
		HideSolutionNode = FALSE
	EndGlobalSection
	GlobalSection(ExtensibilityGlobals) = postSolution
		SolutionGuid = {C554A0CB-6CDA-4BAE-AF5F-164CA2237165}
	EndGlobalSection
EndGlobal
